
Microsoft Visual Studio Solution File, Format Version 12.00
# Visual Studio 14
VisualStudioVersion = 14.0.23107.0
MinimumVisualStudioVersion = 10.0.40219.1
Project("{FAE04EC0-301F-11D3-BF4B-00C04F79EFBC}") = "WebApplication3", "WebApplication3\WebApplication3.csproj", "{4DC1AF84-846B-4599-B1B8-54979BB69964}"
EndProject
Project("{FAE04EC0-301F-11D3-BF4B-00C04F79EFBC}") = "Model", "model\Model.csproj", "{644E5484-28B9-4BB9-A1CC-0DB2D18071C5}"
EndProject
Project("{FAE04EC0-301F-11D3-BF4B-00C04F79EFBC}") = "BLL", "Dll\BLL.csproj", "{6B181F91-07BE-441E-84E9-2F73A95AE936}"
EndProject
Project("{FAE04EC0-301F-11D3-BF4B-00C04F79EFBC}") = "DAL", "DAL\DAL.csproj", "{98B4BE4D-D111-4F73-A70E-7B01C27E7D26}"
EndProject
Global
	GlobalSection(SolutionConfigurationPlatforms) = preSolution
		Debug|Any CPU = Debug|Any CPU
		Release|Any CPU = Release|Any CPU
	EndGlobalSection
	GlobalSection(ProjectConfigurationPlatforms) = postSolution
		{4DC1AF84-846B-4599-B1B8-54979BB69964}.Debug|Any CPU.ActiveCfg = Debug|Any CPU
		{4DC1AF84-846B-4599-B1B8-54979BB69964}.Debug|Any CPU.Build.0 = Debug|Any CPU
		{4DC1AF84-846B-4599-B1B8-54979BB69964}.Release|Any CPU.ActiveCfg = Release|Any CPU
		{4DC1AF84-846B-4599-B1B8-54979BB69964}.Release|Any CPU.Build.0 = Release|Any CPU
		{644E5484-28B9-4BB9-A1CC-0DB2D18071C5}.Debug|Any CPU.ActiveCfg = Debug|Any CPU
		{644E5484-28B9-4BB9-A1CC-0DB2D18071C5}.Debug|Any CPU.Build.0 = Debug|Any CPU
		{644E5484-28B9-4BB9-A1CC-0DB2D18071C5}.Release|Any CPU.ActiveCfg = Release|Any CPU
		{644E5484-28B9-4BB9-A1CC-0DB2D18071C5}.Release|Any CPU.Build.0 = Release|Any CPU
		{6B181F91-07BE-441E-84E9-2F73A95AE936}.Debug|Any CPU.ActiveCfg = Debug|Any CPU
		{6B181F91-07BE-441E-84E9-2F73A95AE936}.Debug|Any CPU.Build.0 = Debug|Any CPU
		{6B181F91-07BE-441E-84E9-2F73A95AE936}.Release|Any CPU.ActiveCfg = Release|Any CPU
		{6B181F91-07BE-441E-84E9-2F73A95AE936}.Release|Any CPU.Build.0 = Release|Any CPU
		{98B4BE4D-D111-4F73-A70E-7B01C27E7D26}.Debug|Any CPU.ActiveCfg = Debug|Any CPU
		{98B4BE4D-D111-4F73-A70E-7B01C27E7D26}.Debug|Any CPU.Build.0 = Debug|Any CPU
		{98B4BE4D-D111-4F73-A70E-7B01C27E7D26}.Release|Any CPU.ActiveCfg = Release|Any CPU
		{98B4BE4D-D111-4F73-A70E-7B01C27E7D26}.Release|Any CPU.Build.0 = Release|Any CPU
	EndGlobalSection
	GlobalSection(SolutionProperties) = preSolution
		HideSolutionNode = FALSE
	EndGlobalSection
EndGlobal
